
Microsoft Visual Studio Solution File, Format Version 12.00
# Visual Studio 2012
Project("{8BC9CEB8-8B4A-11D0-8D11-00A0C91BC942}") = "pageant", "PAGEANT\pageant.vcxproj", "{0633CF77-847A-40F9-A5F4-8B2955768A9C}"
EndProject
Project("{8BC9CEB8-8B4A-11D0-8D11-00A0C91BC942}") = "plink", "PLINK\plink.vcxproj", "{48B73C90-853A-41A4-AF59-6D71F15F4359}"
EndProject
Project("{8BC9CEB8-8B4A-11D0-8D11-00A0C91BC942}") = "pscp", "PSCP\pscp.vcxproj", "{A14C20E4-7EA8-47FA-8C91-98C09DE1814A}"
EndProject
Project("{8BC9CEB8-8B4A-11D0-8D11-00A0C91BC942}") = "psftp", "PSFTP\psftp.vcxproj", "{105FADF9-E965-4A7F-9C08-220189B4A562}"
EndProject
Project("{8BC9CEB8-8B4A-11D0-8D11-00A0C91BC942}") = "putty", "PUTTY\putty.vcxproj", "{681C61D8-BD5C-4A17-8119-221323FCEE10}"
EndProject
Project("{8BC9CEB8-8B4A-11D0-8D11-00A0C91BC942}") = "puttygen", "PUTTYGEN\puttygen.vcxproj", "{7E8C6190-2598-42CA-A43D-A4E554A000F6}"
EndProject
Project("{8BC9CEB8-8B4A-11D0-8D11-00A0C91BC942}") = "puttytel", "PUTTYTEL\puttytel.vcxproj", "{207B5504-E90F-47A0-8452-B453E2FA3F8C}"
EndProject
Global
	GlobalSection(SolutionConfigurationPlatforms) = preSolution
		Debug|Win32 = Debug|Win32
		Release|Win32 = Release|Win32
		Template|Win32 = Template|Win32
	EndGlobalSection
	GlobalSection(ProjectConfigurationPlatforms) = postSolution
		{0633CF77-847A-40F9-A5F4-8B2955768A9C}.Debug|Win32.ActiveCfg = Debug|Win32
		{0633CF77-847A-40F9-A5F4-8B2955768A9C}.Debug|Win32.Build.0 = Debug|Win32
		{0633CF77-847A-40F9-A5F4-8B2955768A9C}.Release|Win32.ActiveCfg = Release|Win32
		{0633CF77-847A-40F9-A5F4-8B2955768A9C}.Release|Win32.Build.0 = Release|Win32
		{0633CF77-847A-40F9-A5F4-8B2955768A9C}.Template|Win32.ActiveCfg = Release|Win32
		{0633CF77-847A-40F9-A5F4-8B2955768A9C}.Template|Win32.Build.0 = Release|Win32
		{48B73C90-853A-41A4-AF59-6D71F15F4359}.Debug|Win32.ActiveCfg = Debug|Win32
		{48B73C90-853A-41A4-AF59-6D71F15F4359}.Debug|Win32.Build.0 = Debug|Win32
		{48B73C90-853A-41A4-AF59-6D71F15F4359}.Release|Win32.ActiveCfg = Release|Win32
		{48B73C90-853A-41A4-AF59-6D71F15F4359}.Release|Win32.Build.0 = Release|Win32
		{48B73C90-853A-41A4-AF59-6D71F15F4359}.Template|Win32.ActiveCfg = Template|Win32
		{48B73C90-853A-41A4-AF59-6D71F15F4359}.Template|Win32.Build.0 = Template|Win32
		{A14C20E4-7EA8-47FA-8C91-98C09DE1814A}.Debug|Win32.ActiveCfg = Debug|Win32
		{A14C20E4-7EA8-47FA-8C91-98C09DE1814A}.Debug|Win32.Build.0 = Debug|Win32
		{A14C20E4-7EA8-47FA-8C91-98C09DE1814A}.Release|Win32.ActiveCfg = Release|Win32
		{A14C20E4-7EA8-47FA-8C91-98C09DE1814A}.Release|Win32.Build.0 = Release|Win32
		{A14C20E4-7EA8-47FA-8C91-98C09DE1814A}.Template|Win32.ActiveCfg = Template|Win32
		{A14C20E4-7EA8-47FA-8C91-98C09DE1814A}.Template|Win32.Build.0 = Template|Win32
		{105FADF9-E965-4A7F-9C08-220189B4A562}.Debug|Win32.ActiveCfg = Debug|Win32
		{105FADF9-E965-4A7F-9C08-220189B4A562}.Debug|Win32.Build.0 = Debug|Win32
		{105FADF9-E965-4A7F-9C08-220189B4A562}.Release|Win32.ActiveCfg = Release|Win32
		{105FADF9-E965-4A7F-9C08-220189B4A562}.Release|Win32.Build.0 = Release|Win32
		{105FADF9-E965-4A7F-9C08-220189B4A562}.Template|Win32.ActiveCfg = Template|Win32
		{105FADF9-E965-4A7F-9C08-220189B4A562}.Template|Win32.Build.0 = Template|Win32
		{681C61D8-BD5C-4A17-8119-221323FCEE10}.Debug|Win32.ActiveCfg = Debug|Win32
		{681C61D8-BD5C-4A17-8119-221323FCEE10}.Debug|Win32.Build.0 = Debug|Win32
		{681C61D8-BD5C-4A17-8119-221323FCEE10}.Release|Win32.ActiveCfg = Release|Win32
		{681C61D8-BD5C-4A17-8119-221323FCEE10}.Release|Win32.Build.0 = Release|Win32
		{681C61D8-BD5C-4A17-8119-221323FCEE10}.Template|Win32.ActiveCfg = Template|Win32
		{681C61D8-BD5C-4A17-8119-221323FCEE10}.Template|Win32.Build.0 = Template|Win32
		{7E8C6190-2598-42CA-A43D-A4E554A000F6}.Debug|Win32.ActiveCfg = Debug|Win32
		{7E8C6190-2598-42CA-A43D-A4E554A000F6}.Debug|Win32.Build.0 = Debug|Win32
		{7E8C6190-2598-42CA-A43D-A4E554A000F6}.Release|Win32.ActiveCfg = Release|Win32
		{7E8C6190-2598-42CA-A43D-A4E554A000F6}.Release|Win32.Build.0 = Release|Win32
		{7E8C6190-2598-42CA-A43D-A4E554A000F6}.Template|Win32.ActiveCfg = Template|Win32
		{7E8C6190-2598-42CA-A43D-A4E554A000F6}.Template|Win32.Build.0 = Template|Win32
		{207B5504-E90F-47A0-8452-B453E2FA3F8C}.Debug|Win32.ActiveCfg = Debug|Win32
		{207B5504-E90F-47A0-8452-B453E2FA3F8C}.Debug|Win32.Build.0 = Debug|Win32
		{207B5504-E90F-47A0-8452-B453E2FA3F8C}.Release|Win32.ActiveCfg = Release|Win32
		{207B5504-E90F-47A0-8452-B453E2FA3F8C}.Release|Win32.Build.0 = Release|Win32
		{207B5504-E90F-47A0-8452-B453E2FA3F8C}.Template|Win32.ActiveCfg = Template|Win32
		{207B5504-E90F-47A0-8452-B453E2FA3F8C}.Template|Win32.Build.0 = Template|Win32
	EndGlobalSection
	GlobalSection(SolutionProperties) = preSolution
		HideSolutionNode = FALSE
	EndGlobalSection
	GlobalSection(Performance) = preSolution
		HasPerformanceSessions = true
	EndGlobalSection
EndGlobal
